// !$*UTF8*$!
{
	archiveVersion = 1;
	classes = {
	};
	objectVersion = 56;
	objects = {

/* Begin PBXBuildFile section */
		AB5FF11A2A4EC12E00E57547 /* CartCoordinatorView.swift in Sources */ = {isa = PBXBuildFile; fileRef = AB5FF1192A4EC12E00E57547 /* CartCoordinatorView.swift */; };
		AB5FF11C2A4ED51500E57547 /* ProductCoordinatorView.swift in Sources */ = {isa = PBXBuildFile; fileRef = AB5FF11B2A4ED51500E57547 /* ProductCoordinatorView.swift */; };
		AB5FF11E2A4ED57300E57547 /* CartViewModel.swift in Sources */ = {isa = PBXBuildFile; fileRef = AB5FF11D2A4ED57300E57547 /* CartViewModel.swift */; };
		AB5FF1202A4ED63D00E57547 /* ProductsViewModel.swift in Sources */ = {isa = PBXBuildFile; fileRef = AB5FF11F2A4ED63D00E57547 /* ProductsViewModel.swift */; };
		AB5FF1232A4ED7DC00E57547 /* ProductsView.swift in Sources */ = {isa = PBXBuildFile; fileRef = AB5FF1222A4ED7DC00E57547 /* ProductsView.swift */; };
		AB5FF1272A4F2FB700E57547 /* ProductsModel.swift in Sources */ = {isa = PBXBuildFile; fileRef = AB5FF1262A4F2FB700E57547 /* ProductsModel.swift */; };
		AB5FF1292A4F3A5300E57547 /* ProductView.swift in Sources */ = {isa = PBXBuildFile; fileRef = AB5FF1282A4F3A5300E57547 /* ProductView.swift */; };
		AB5FF12B2A500E4400E57547 /* CustomColor.swift in Sources */ = {isa = PBXBuildFile; fileRef = AB5FF12A2A500E4400E57547 /* CustomColor.swift */; };
		AB5FF12D2A501EB200E57547 /* DetailView.swift in Sources */ = {isa = PBXBuildFile; fileRef = AB5FF12C2A501EB200E57547 /* DetailView.swift */; };
		AB5FF12F2A50550200E57547 /* CartProductView.swift in Sources */ = {isa = PBXBuildFile; fileRef = AB5FF12E2A50550200E57547 /* CartProductView.swift */; };
		AB7DAF9A2A4CD1C400DDF173 /* MainCoordinatorObject.swift in Sources */ = {isa = PBXBuildFile; fileRef = AB7DAF992A4CD1C400DDF173 /* MainCoordinatorObject.swift */; };
		AB7DAF9C2A4CD49A00DDF173 /* GeneralCoordinatorView.swift in Sources */ = {isa = PBXBuildFile; fileRef = AB7DAF9B2A4CD49A00DDF173 /* GeneralCoordinatorView.swift */; };
		ABD21BBB2A4C271B0053EFBF /* PrettyKitchenApp.swift in Sources */ = {isa = PBXBuildFile; fileRef = ABD21BBA2A4C271B0053EFBF /* PrettyKitchenApp.swift */; };
		ABD21BBD2A4C271B0053EFBF /* AppCoordinatorView.swift in Sources */ = {isa = PBXBuildFile; fileRef = ABD21BBC2A4C271B0053EFBF /* AppCoordinatorView.swift */; };
		ABD21BBF2A4C271E0053EFBF /* Assets.xcassets in Resources */ = {isa = PBXBuildFile; fileRef = ABD21BBE2A4C271E0053EFBF /* Assets.xcassets */; };
		ABD21BC22A4C271E0053EFBF /* Preview Assets.xcassets in Resources */ = {isa = PBXBuildFile; fileRef = ABD21BC12A4C271E0053EFBF /* Preview Assets.xcassets */; };
		ABD21BC92A4C55FB0053EFBF /* AppCoordinatorObject.swift in Sources */ = {isa = PBXBuildFile; fileRef = ABD21BC82A4C55FB0053EFBF /* AppCoordinatorObject.swift */; };
		ABD21BCC2A4C58160053EFBF /* GeneralViewModel.swift in Sources */ = {isa = PBXBuildFile; fileRef = ABD21BCB2A4C58160053EFBF /* GeneralViewModel.swift */; };
		ABD21BD62A4C5A160053EFBF /* GeneralView.swift in Sources */ = {isa = PBXBuildFile; fileRef = ABD21BD52A4C5A160053EFBF /* GeneralView.swift */; };
		ABD21BD82A4C5A3B0053EFBF /* SearchView.swift in Sources */ = {isa = PBXBuildFile; fileRef = ABD21BD72A4C5A3B0053EFBF /* SearchView.swift */; };
		ABD21BDA2A4C5A600053EFBF /* CartView.swift in Sources */ = {isa = PBXBuildFile; fileRef = ABD21BD92A4C5A600053EFBF /* CartView.swift */; };
		ABD21BDC2A4C5AB00053EFBF /* AccountView.swift in Sources */ = {isa = PBXBuildFile; fileRef = ABD21BDB2A4C5AB00053EFBF /* AccountView.swift */; };
		ABF905E02A4D75CC00A9A044 /* NetworkManager.swift in Sources */ = {isa = PBXBuildFile; fileRef = ABF905DF2A4D75CC00A9A044 /* NetworkManager.swift */; };
		ABF905E32A4D767700A9A044 /* CategoriesModel.swift in Sources */ = {isa = PBXBuildFile; fileRef = ABF905E22A4D767700A9A044 /* CategoriesModel.swift */; };
		ABF905E62A4D873B00A9A044 /* CategoryView.swift in Sources */ = {isa = PBXBuildFile; fileRef = ABF905E52A4D873B00A9A044 /* CategoryView.swift */; };
/* End PBXBuildFile section */

/* Begin PBXFileReference section */
		AB5FF1192A4EC12E00E57547 /* CartCoordinatorView.swift */ = {isa = PBXFileReference; lastKnownFileType = sourcecode.swift; path = CartCoordinatorView.swift; sourceTree = "<group>"; };
		AB5FF11B2A4ED51500E57547 /* ProductCoordinatorView.swift */ = {isa = PBXFileReference; lastKnownFileType = sourcecode.swift; path = ProductCoordinatorView.swift; sourceTree = "<group>"; };
		AB5FF11D2A4ED57300E57547 /* CartViewModel.swift */ = {isa = PBXFileReference; lastKnownFileType = sourcecode.swift; path = CartViewModel.swift; sourceTree = "<group>"; };
		AB5FF11F2A4ED63D00E57547 /* ProductsViewModel.swift */ = {isa = PBXFileReference; lastKnownFileType = sourcecode.swift; path = ProductsViewModel.swift; sourceTree = "<group>"; };
		AB5FF1222A4ED7DC00E57547 /* ProductsView.swift */ = {isa = PBXFileReference; lastKnownFileType = sourcecode.swift; path = ProductsView.swift; sourceTree = "<group>"; };
		AB5FF1262A4F2FB700E57547 /* ProductsModel.swift */ = {isa = PBXFileReference; lastKnownFileType = sourcecode.swift; path = ProductsModel.swift; sourceTree = "<group>"; };
		AB5FF1282A4F3A5300E57547 /* ProductView.swift */ = {isa = PBXFileReference; lastKnownFileType = sourcecode.swift; path = ProductView.swift; sourceTree = "<group>"; };
		AB5FF12A2A500E4400E57547 /* CustomColor.swift */ = {isa = PBXFileReference; lastKnownFileType = sourcecode.swift; path = CustomColor.swift; sourceTree = "<group>"; };
		AB5FF12C2A501EB200E57547 /* DetailView.swift */ = {isa = PBXFileReference; lastKnownFileType = sourcecode.swift; path = DetailView.swift; sourceTree = "<group>"; };
		AB5FF12E2A50550200E57547 /* CartProductView.swift */ = {isa = PBXFileReference; lastKnownFileType = sourcecode.swift; path = CartProductView.swift; sourceTree = "<group>"; };
		AB7DAF992A4CD1C400DDF173 /* MainCoordinatorObject.swift */ = {isa = PBXFileReference; lastKnownFileType = sourcecode.swift; path = MainCoordinatorObject.swift; sourceTree = "<group>"; };
		AB7DAF9B2A4CD49A00DDF173 /* GeneralCoordinatorView.swift */ = {isa = PBXFileReference; lastKnownFileType = sourcecode.swift; path = GeneralCoordinatorView.swift; sourceTree = "<group>"; };
		ABD21BB72A4C271B0053EFBF /* PrettyKitchen.app */ = {isa = PBXFileReference; explicitFileType = wrapper.application; includeInIndex = 0; path = PrettyKitchen.app; sourceTree = BUILT_PRODUCTS_DIR; };
		ABD21BBA2A4C271B0053EFBF /* PrettyKitchenApp.swift */ = {isa = PBXFileReference; lastKnownFileType = sourcecode.swift; path = PrettyKitchenApp.swift; sourceTree = "<group>"; };
		ABD21BBC2A4C271B0053EFBF /* AppCoordinatorView.swift */ = {isa = PBXFileReference; lastKnownFileType = sourcecode.swift; path = AppCoordinatorView.swift; sourceTree = "<group>"; };
		ABD21BBE2A4C271E0053EFBF /* Assets.xcassets */ = {isa = PBXFileReference; lastKnownFileType = folder.assetcatalog; path = Assets.xcassets; sourceTree = "<group>"; };
		ABD21BC12A4C271E0053EFBF /* Preview Assets.xcassets */ = {isa = PBXFileReference; lastKnownFileType = folder.assetcatalog; path = "Preview Assets.xcassets"; sourceTree = "<group>"; };
		ABD21BC82A4C55FB0053EFBF /* AppCoordinatorObject.swift */ = {isa = PBXFileReference; lastKnownFileType = sourcecode.swift; path = AppCoordinatorObject.swift; sourceTree = "<group>"; };
		ABD21BCB2A4C58160053EFBF /* GeneralViewModel.swift */ = {isa = PBXFileReference; lastKnownFileType = sourcecode.swift; path = GeneralViewModel.swift; sourceTree = "<group>"; };
		ABD21BD52A4C5A160053EFBF /* GeneralView.swift */ = {isa = PBXFileReference; lastKnownFileType = sourcecode.swift; path = GeneralView.swift; sourceTree = "<group>"; };
		ABD21BD72A4C5A3B0053EFBF /* SearchView.swift */ = {isa = PBXFileReference; lastKnownFileType = sourcecode.swift; path = SearchView.swift; sourceTree = "<group>"; };
		ABD21BD92A4C5A600053EFBF /* CartView.swift */ = {isa = PBXFileReference; lastKnownFileType = sourcecode.swift; path = CartView.swift; sourceTree = "<group>"; };
		ABD21BDB2A4C5AB00053EFBF /* AccountView.swift */ = {isa = PBXFileReference; lastKnownFileType = sourcecode.swift; path = AccountView.swift; sourceTree = "<group>"; };
		ABF905DF2A4D75CC00A9A044 /* NetworkManager.swift */ = {isa = PBXFileReference; lastKnownFileType = sourcecode.swift; path = NetworkManager.swift; sourceTree = "<group>"; };
		ABF905E22A4D767700A9A044 /* CategoriesModel.swift */ = {isa = PBXFileReference; lastKnownFileType = sourcecode.swift; path = CategoriesModel.swift; sourceTree = "<group>"; };
		ABF905E52A4D873B00A9A044 /* CategoryView.swift */ = {isa = PBXFileReference; lastKnownFileType = sourcecode.swift; path = CategoryView.swift; sourceTree = "<group>"; };
/* End PBXFileReference section */

/* Begin PBXFrameworksBuildPhase section */
		ABD21BB42A4C271B0053EFBF /* Frameworks */ = {
			isa = PBXFrameworksBuildPhase;
			buildActionMask = 2147483647;
			files = (
			);
			runOnlyForDeploymentPostprocessing = 0;
		};
/* End PBXFrameworksBuildPhase section */

/* Begin PBXGroup section */
		AB5FF1212A4ED7AE00E57547 /* SubViews */ = {
			isa = PBXGroup;
			children = (
				AB5FF1222A4ED7DC00E57547 /* ProductsView.swift */,
				AB5FF12C2A501EB200E57547 /* DetailView.swift */,
			);
			path = SubViews;
			sourceTree = "<group>";
		};
		AB7DAF972A4CCF9F00DDF173 /* Main */ = {
			isa = PBXGroup;
			children = (
				AB7DAF992A4CD1C400DDF173 /* MainCoordinatorObject.swift */,
				AB7DAF9B2A4CD49A00DDF173 /* GeneralCoordinatorView.swift */,
				AB5FF1192A4EC12E00E57547 /* CartCoordinatorView.swift */,
				AB5FF11B2A4ED51500E57547 /* ProductCoordinatorView.swift */,
			);
			path = Main;
			sourceTree = "<group>";
		};
		AB7DAF982A4CCFB900DDF173 /* App */ = {
			isa = PBXGroup;
			children = (
				ABD21BC82A4C55FB0053EFBF /* AppCoordinatorObject.swift */,
				ABD21BBC2A4C271B0053EFBF /* AppCoordinatorView.swift */,
			);
			path = App;
			sourceTree = "<group>";
		};
		ABD21BAE2A4C271B0053EFBF = {
			isa = PBXGroup;
			children = (
				ABD21BB92A4C271B0053EFBF /* PrettyKitchen */,
				ABD21BB82A4C271B0053EFBF /* Products */,
			);
			sourceTree = "<group>";
		};
		ABD21BB82A4C271B0053EFBF /* Products */ = {
			isa = PBXGroup;
			children = (
				ABD21BB72A4C271B0053EFBF /* PrettyKitchen.app */,
			);
			name = Products;
			sourceTree = "<group>";
		};
		ABD21BB92A4C271B0053EFBF /* PrettyKitchen */ = {
			isa = PBXGroup;
			children = (
				ABD21BBA2A4C271B0053EFBF /* PrettyKitchenApp.swift */,
				ABF905E72A4DA5B200A9A044 /* Helpers */,
				ABF905E12A4D765F00A9A044 /* Models */,
				ABF905DE2A4D75A000A9A044 /* Services */,
				ABD21BD32A4C59BB0053EFBF /* Views */,
				ABD21BCA2A4C57EB0053EFBF /* ViewModels */,
				ABD21BD42A4C59CF0053EFBF /* Coordinators */,
				ABD21BBE2A4C271E0053EFBF /* Assets.xcassets */,
				ABD21BC02A4C271E0053EFBF /* Preview Content */,
			);
			path = PrettyKitchen;
			sourceTree = "<group>";
		};
		ABD21BC02A4C271E0053EFBF /* Preview Content */ = {
			isa = PBXGroup;
			children = (
				ABD21BC12A4C271E0053EFBF /* Preview Assets.xcassets */,
			);
			path = "Preview Content";
			sourceTree = "<group>";
		};
		ABD21BCA2A4C57EB0053EFBF /* ViewModels */ = {
			isa = PBXGroup;
			children = (
				ABD21BCB2A4C58160053EFBF /* GeneralViewModel.swift */,
				AB5FF11D2A4ED57300E57547 /* CartViewModel.swift */,
				AB5FF11F2A4ED63D00E57547 /* ProductsViewModel.swift */,
			);
			path = ViewModels;
			sourceTree = "<group>";
		};
		ABD21BD32A4C59BB0053EFBF /* Views */ = {
			isa = PBXGroup;
			children = (
				AB5FF1212A4ED7AE00E57547 /* SubViews */,
				ABF905E42A4D871F00A9A044 /* ContainerViews */,
				ABD21BD52A4C5A160053EFBF /* GeneralView.swift */,
				ABD21BD72A4C5A3B0053EFBF /* SearchView.swift */,
				ABD21BD92A4C5A600053EFBF /* CartView.swift */,
				ABD21BDB2A4C5AB00053EFBF /* AccountView.swift */,
			);
			path = Views;
			sourceTree = "<group>";
		};
		ABD21BD42A4C59CF0053EFBF /* Coordinators */ = {
			isa = PBXGroup;
			children = (
				AB7DAF982A4CCFB900DDF173 /* App */,
				AB7DAF972A4CCF9F00DDF173 /* Main */,
			);
			path = Coordinators;
			sourceTree = "<group>";
		};
		ABF905DE2A4D75A000A9A044 /* Services */ = {
			isa = PBXGroup;
			children = (
				ABF905DF2A4D75CC00A9A044 /* NetworkManager.swift */,
			);
			path = Services;
			sourceTree = "<group>";
		};
		ABF905E12A4D765F00A9A044 /* Models */ = {
			isa = PBXGroup;
			children = (
				ABF905E22A4D767700A9A044 /* CategoriesModel.swift */,
				AB5FF1262A4F2FB700E57547 /* ProductsModel.swift */,
			);
			path = Models;
			sourceTree = "<group>";
		};
		ABF905E42A4D871F00A9A044 /* ContainerViews */ = {
			isa = PBXGroup;
			children = (
				ABF905E52A4D873B00A9A044 /* CategoryView.swift */,
				AB5FF1282A4F3A5300E57547 /* ProductView.swift */,
				AB5FF12E2A50550200E57547 /* CartProductView.swift */,
			);
			path = ContainerViews;
			sourceTree = "<group>";
		};
		ABF905E72A4DA5B200A9A044 /* Helpers */ = {
			isa = PBXGroup;
			children = (
				AB5FF12A2A500E4400E57547 /* CustomColor.swift */,
			);
			path = Helpers;
			sourceTree = "<group>";
		};
/* End PBXGroup section */

/* Begin PBXNativeTarget section */
		ABD21BB62A4C271B0053EFBF /* PrettyKitchen */ = {
			isa = PBXNativeTarget;
			buildConfigurationList = ABD21BC52A4C271E0053EFBF /* Build configuration list for PBXNativeTarget "PrettyKitchen" */;
			buildPhases = (
				ABD21BB32A4C271B0053EFBF /* Sources */,
				ABD21BB42A4C271B0053EFBF /* Frameworks */,
				ABD21BB52A4C271B0053EFBF /* Resources */,
			);
			buildRules = (
			);
			dependencies = (
			);
			name = PrettyKitchen;
			productName = PrettyKitchen;
			productReference = ABD21BB72A4C271B0053EFBF /* PrettyKitchen.app */;
			productType = "com.apple.product-type.application";
		};
/* End PBXNativeTarget section */

/* Begin PBXProject section */
		ABD21BAF2A4C271B0053EFBF /* Project object */ = {
			isa = PBXProject;
			attributes = {
				BuildIndependentTargetsInParallel = 1;
				LastSwiftUpdateCheck = 1430;
				LastUpgradeCheck = 1430;
				TargetAttributes = {
					ABD21BB62A4C271B0053EFBF = {
						CreatedOnToolsVersion = 14.3.1;
					};
				};
			};
			buildConfigurationList = ABD21BB22A4C271B0053EFBF /* Build configuration list for PBXProject "PrettyKitchen" */;
			compatibilityVersion = "Xcode 14.0";
			developmentRegion = en;
			hasScannedForEncodings = 0;
			knownRegions = (
				en,
				Base,
			);
			mainGroup = ABD21BAE2A4C271B0053EFBF;
			productRefGroup = ABD21BB82A4C271B0053EFBF /* Products */;
			projectDirPath = "";
			projectRoot = "";
			targets = (
				ABD21BB62A4C271B0053EFBF /* PrettyKitchen */,
			);
		};
/* End PBXProject section */

/* Begin PBXResourcesBuildPhase section */
		ABD21BB52A4C271B0053EFBF /* Resources */ = {
			isa = PBXResourcesBuildPhase;
			buildActionMask = 2147483647;
			files = (
				ABD21BC22A4C271E0053EFBF /* Preview Assets.xcassets in Resources */,
				ABD21BBF2A4C271E0053EFBF /* Assets.xcassets in Resources */,
			);
			runOnlyForDeploymentPostprocessing = 0;
		};
/* End PBXResourcesBuildPhase section */

/* Begin PBXSourcesBuildPhase section */
		ABD21BB32A4C271B0053EFBF /* Sources */ = {
			isa = PBXSourcesBuildPhase;
			buildActionMask = 2147483647;
			files = (
				AB5FF1292A4F3A5300E57547 /* ProductView.swift in Sources */,
				ABD21BDA2A4C5A600053EFBF /* CartView.swift in Sources */,
				AB7DAF9A2A4CD1C400DDF173 /* MainCoordinatorObject.swift in Sources */,
				ABD21BD82A4C5A3B0053EFBF /* SearchView.swift in Sources */,
				AB7DAF9C2A4CD49A00DDF173 /* GeneralCoordinatorView.swift in Sources */,
				AB5FF12D2A501EB200E57547 /* DetailView.swift in Sources */,
				AB5FF11E2A4ED57300E57547 /* CartViewModel.swift in Sources */,
				ABF905E02A4D75CC00A9A044 /* NetworkManager.swift in Sources */,
				AB5FF11A2A4EC12E00E57547 /* CartCoordinatorView.swift in Sources */,
				AB5FF1202A4ED63D00E57547 /* ProductsViewModel.swift in Sources */,
				AB5FF1232A4ED7DC00E57547 /* ProductsView.swift in Sources */,
				AB5FF1272A4F2FB700E57547 /* ProductsModel.swift in Sources */,
				ABF905E62A4D873B00A9A044 /* CategoryView.swift in Sources */,
				AB5FF11C2A4ED51500E57547 /* ProductCoordinatorView.swift in Sources */,
				ABD21BDC2A4C5AB00053EFBF /* AccountView.swift in Sources */,
				ABD21BBD2A4C271B0053EFBF /* AppCoordinatorView.swift in Sources */,
				ABD21BC92A4C55FB0053EFBF /* AppCoordinatorObject.swift in Sources */,
				AB5FF12B2A500E4400E57547 /* CustomColor.swift in Sources */,
				ABD21BD62A4C5A160053EFBF /* GeneralView.swift in Sources */,
				ABD21BBB2A4C271B0053EFBF /* PrettyKitchenApp.swift in Sources */,
				AB5FF12F2A50550200E57547 /* CartProductView.swift in Sources */,
				ABD21BCC2A4C58160053EFBF /* GeneralViewModel.swift in Sources */,
				ABF905E32A4D767700A9A044 /* CategoriesModel.swift in Sources */,
			);
			runOnlyForDeploymentPostprocessing = 0;
		};
/* End PBXSourcesBuildPhase section */

/* Begin XCBuildConfiguration section */
		ABD21BC32A4C271E0053EFBF /* Debug */ = {
			isa = XCBuildConfiguration;
			buildSettings = {
				ALWAYS_SEARCH_USER_PATHS = NO;
				CLANG_ANALYZER_NONNULL = YES;
				CLANG_ANALYZER_NUMBER_OBJECT_CONVERSION = YES_AGGRESSIVE;
				CLANG_CXX_LANGUAGE_STANDARD = "gnu++20";
				CLANG_ENABLE_MODULES = YES;
				CLANG_ENABLE_OBJC_ARC = YES;
				CLANG_ENABLE_OBJC_WEAK = YES;
				CLANG_WARN_BLOCK_CAPTURE_AUTORELEASING = YES;
				CLANG_WARN_BOOL_CONVERSION = YES;
				CLANG_WARN_COMMA = YES;
				CLANG_WARN_CONSTANT_CONVERSION = YES;
				CLANG_WARN_DEPRECATED_OBJC_IMPLEMENTATIONS = YES;
				CLANG_WARN_DIRECT_OBJC_ISA_USAGE = YES_ERROR;
				CLANG_WARN_DOCUMENTATION_COMMENTS = YES;
				CLANG_WARN_EMPTY_BODY = YES;
				CLANG_WARN_ENUM_CONVERSION = YES;
				CLANG_WARN_INFINITE_RECURSION = YES;
				CLANG_WARN_INT_CONVERSION = YES;
				CLANG_WARN_NON_LITERAL_NULL_CONVERSION = YES;
				CLANG_WARN_OBJC_IMPLICIT_RETAIN_SELF = YES;
				CLANG_WARN_OBJC_LITERAL_CONVERSION = YES;
				CLANG_WARN_OBJC_ROOT_CLASS = YES_ERROR;
				CLANG_WARN_QUOTED_INCLUDE_IN_FRAMEWORK_HEADER = YES;
				CLANG_WARN_RANGE_LOOP_ANALYSIS = YES;
				CLANG_WARN_STRICT_PROTOTYPES = YES;
				CLANG_WARN_SUSPICIOUS_MOVE = YES;
				CLANG_WARN_UNGUARDED_AVAILABILITY = YES_AGGRESSIVE;
				CLANG_WARN_UNREACHABLE_CODE = YES;
				CLANG_WARN__DUPLICATE_METHOD_MATCH = YES;
				COPY_PHASE_STRIP = NO;
				DEBUG_INFORMATION_FORMAT = dwarf;
				ENABLE_STRICT_OBJC_MSGSEND = YES;
				ENABLE_TESTABILITY = YES;
				GCC_C_LANGUAGE_STANDARD = gnu11;
				GCC_DYNAMIC_NO_PIC = NO;
				GCC_NO_COMMON_BLOCKS = YES;
				GCC_OPTIMIZATION_LEVEL = 0;
				GCC_PREPROCESSOR_DEFINITIONS = (
					"DEBUG=1",
					"$(inherited)",
				);
				GCC_WARN_64_TO_32_BIT_CONVERSION = YES;
				GCC_WARN_ABOUT_RETURN_TYPE = YES_ERROR;
				GCC_WARN_UNDECLARED_SELECTOR = YES;
				GCC_WARN_UNINITIALIZED_AUTOS = YES_AGGRESSIVE;
				GCC_WARN_UNUSED_FUNCTION = YES;
				GCC_WARN_UNUSED_VARIABLE = YES;
				IPHONEOS_DEPLOYMENT_TARGET = 16.4;
				MTL_ENABLE_DEBUG_INFO = INCLUDE_SOURCE;
				MTL_FAST_MATH = YES;
				ONLY_ACTIVE_ARCH = YES;
				SDKROOT = iphoneos;
				SWIFT_ACTIVE_COMPILATION_CONDITIONS = DEBUG;
				SWIFT_OPTIMIZATION_LEVEL = "-Onone";
			};
			name = Debug;
		};
		ABD21BC42A4C271E0053EFBF /* Release */ = {
			isa = XCBuildConfiguration;
			buildSettings = {
				ALWAYS_SEARCH_USER_PATHS = NO;
				CLANG_ANALYZER_NONNULL = YES;
				CLANG_ANALYZER_NUMBER_OBJECT_CONVERSION = YES_AGGRESSIVE;
				CLANG_CXX_LANGUAGE_STANDARD = "gnu++20";
				CLANG_ENABLE_MODULES = YES;
				CLANG_ENABLE_OBJC_ARC = YES;
				CLANG_ENABLE_OBJC_WEAK = YES;
				CLANG_WARN_BLOCK_CAPTURE_AUTORELEASING = YES;
				CLANG_WARN_BOOL_CONVERSION = YES;
				CLANG_WARN_COMMA = YES;
				CLANG_WARN_CONSTANT_CONVERSION = YES;
				CLANG_WARN_DEPRECATED_OBJC_IMPLEMENTATIONS = YES;
				CLANG_WARN_DIRECT_OBJC_ISA_USAGE = YES_ERROR;
				CLANG_WARN_DOCUMENTATION_COMMENTS = YES;
				CLANG_WARN_EMPTY_BODY = YES;
				CLANG_WARN_ENUM_CONVERSION = YES;
				CLANG_WARN_INFINITE_RECURSION = YES;
				CLANG_WARN_INT_CONVERSION = YES;
				CLANG_WARN_NON_LITERAL_NULL_CONVERSION = YES;
				CLANG_WARN_OBJC_IMPLICIT_RETAIN_SELF = YES;
				CLANG_WARN_OBJC_LITERAL_CONVERSION = YES;
				CLANG_WARN_OBJC_ROOT_CLASS = YES_ERROR;
				CLANG_WARN_QUOTED_INCLUDE_IN_FRAMEWORK_HEADER = YES;
				CLANG_WARN_RANGE_LOOP_ANALYSIS = YES;
				CLANG_WARN_STRICT_PROTOTYPES = YES;
				CLANG_WARN_SUSPICIOUS_MOVE = YES;
				CLANG_WARN_UNGUARDED_AVAILABILITY = YES_AGGRESSIVE;
				CLANG_WARN_UNREACHABLE_CODE = YES;
				CLANG_WARN__DUPLICATE_METHOD_MATCH = YES;
				COPY_PHASE_STRIP = NO;
				DEBUG_INFORMATION_FORMAT = "dwarf-with-dsym";
				ENABLE_NS_ASSERTIONS = NO;
				ENABLE_STRICT_OBJC_MSGSEND = YES;
				GCC_C_LANGUAGE_STANDARD = gnu11;
				GCC_NO_COMMON_BLOCKS = YES;
				GCC_WARN_64_TO_32_BIT_CONVERSION = YES;
				GCC_WARN_ABOUT_RETURN_TYPE = YES_ERROR;
				GCC_WARN_UNDECLARED_SELECTOR = YES;
				GCC_WARN_UNINITIALIZED_AUTOS = YES_AGGRESSIVE;
				GCC_WARN_UNUSED_FUNCTION = YES;
				GCC_WARN_UNUSED_VARIABLE = YES;
				IPHONEOS_DEPLOYMENT_TARGET = 16.4;
				MTL_ENABLE_DEBUG_INFO = NO;
				MTL_FAST_MATH = YES;
				SDKROOT = iphoneos;
				SWIFT_COMPILATION_MODE = wholemodule;
				SWIFT_OPTIMIZATION_LEVEL = "-O";
				VALIDATE_PRODUCT = YES;
			};
			name = Release;
		};
		ABD21BC62A4C271E0053EFBF /* Debug */ = {
			isa = XCBuildConfiguration;
			buildSettings = {
				ASSETCATALOG_COMPILER_APPICON_NAME = AppIcon;
				ASSETCATALOG_COMPILER_GLOBAL_ACCENT_COLOR_NAME = AccentColor;
				CODE_SIGN_STYLE = Automatic;
				CURRENT_PROJECT_VERSION = 1;
				DEVELOPMENT_ASSET_PATHS = "\"PrettyKitchen/Preview Content\"";
				DEVELOPMENT_TEAM = TGHY26G8ZU;
				ENABLE_PREVIEWS = YES;
				GENERATE_INFOPLIST_FILE = YES;
				INFOPLIST_KEY_UIApplicationSceneManifest_Generation = YES;
				INFOPLIST_KEY_UIApplicationSupportsIndirectInputEvents = YES;
				INFOPLIST_KEY_UILaunchScreen_Generation = YES;
				INFOPLIST_KEY_UISupportedInterfaceOrientations_iPad = "UIInterfaceOrientationPortrait UIInterfaceOrientationPortraitUpsideDown UIInterfaceOrientationLandscapeLeft UIInterfaceOrientationLandscapeRight";
				INFOPLIST_KEY_UISupportedInterfaceOrientations_iPhone = "UIInterfaceOrientationPortrait UIInterfaceOrientationLandscapeLeft UIInterfaceOrientationLandscapeRight";
				LD_RUNPATH_SEARCH_PATHS = (
					"$(inherited)",
					"@executable_path/Frameworks",
				);
				MARKETING_VERSION = 1.0;
				PRODUCT_BUNDLE_IDENTIFIER = com.pigeonva.PrettyKitchen;
				PRODUCT_NAME = "$(TARGET_NAME)";
				SWIFT_EMIT_LOC_STRINGS = YES;
				SWIFT_VERSION = 5.0;
				TARGETED_DEVICE_FAMILY = "1,2";
			};
			name = Debug;
		};
		ABD21BC72A4C271E0053EFBF /* Release */ = {
			isa = XCBuildConfiguration;
			buildSettings = {
				ASSETCATALOG_COMPILER_APPICON_NAME = AppIcon;
				ASSETCATALOG_COMPILER_GLOBAL_ACCENT_COLOR_NAME = AccentColor;
				CODE_SIGN_STYLE = Automatic;
				CURRENT_PROJECT_VERSION = 1;
				DEVELOPMENT_ASSET_PATHS = "\"PrettyKitchen/Preview Content\"";
				DEVELOPMENT_TEAM = TGHY26G8ZU;
				ENABLE_PREVIEWS = YES;
				GENERATE_INFOPLIST_FILE = YES;
				INFOPLIST_KEY_UIApplicationSceneManifest_Generation = YES;
				INFOPLIST_KEY_UIApplicationSupportsIndirectInputEvents = YES;
				INFOPLIST_KEY_UILaunchScreen_Generation = YES;
				INFOPLIST_KEY_UISupportedInterfaceOrientations_iPad = "UIInterfaceOrientationPortrait UIInterfaceOrientationPortraitUpsideDown UIInterfaceOrientationLandscapeLeft UIInterfaceOrientationLandscapeRight";
				INFOPLIST_KEY_UISupportedInterfaceOrientations_iPhone = "UIInterfaceOrientationPortrait UIInterfaceOrientationLandscapeLeft UIInterfaceOrientationLandscapeRight";
				LD_RUNPATH_SEARCH_PATHS = (
					"$(inherited)",
					"@executable_path/Frameworks",
				);
				MARKETING_VERSION = 1.0;
				PRODUCT_BUNDLE_IDENTIFIER = com.pigeonva.PrettyKitchen;
				PRODUCT_NAME = "$(TARGET_NAME)";
				SWIFT_EMIT_LOC_STRINGS = YES;
				SWIFT_VERSION = 5.0;
				TARGETED_DEVICE_FAMILY = "1,2";
			};
			name = Release;
		};
/* End XCBuildConfiguration section */

/* Begin XCConfigurationList section */
		ABD21BB22A4C271B0053EFBF /* Build configuration list for PBXProject "PrettyKitchen" */ = {
			isa = XCConfigurationList;
			buildConfigurations = (
				ABD21BC32A4C271E0053EFBF /* Debug */,
				ABD21BC42A4C271E0053EFBF /* Release */,
			);
			defaultConfigurationIsVisible = 0;
			defaultConfigurationName = Release;
		};
		ABD21BC52A4C271E0053EFBF /* Build configuration list for PBXNativeTarget "PrettyKitchen" */ = {
			isa = XCConfigurationList;
			buildConfigurations = (
				ABD21BC62A4C271E0053EFBF /* Debug */,
				ABD21BC72A4C271E0053EFBF /* Release */,
			);
			defaultConfigurationIsVisible = 0;
			defaultConfigurationName = Release;
		};
/* End XCConfigurationList section */
	};
	rootObject = ABD21BAF2A4C271B0053EFBF /* Project object */;
}
